{
  "name": "ndtreejs",
  "version": "1.3.15",
  "lockfileVersion": 1,
  "requires": true,
  "dependencies": {
    "nv-array-basic": {
      "version": "1.0.13",
      "resolved": "https://registry.npmjs.org/nv-array-basic/-/nv-array-basic-1.0.13.tgz",
      "integrity": "sha512-CbHjIKd+ushfpmB/1Xy4ugw7w+In0UvZQUa0ncFVGSit5MJGejmpj48++gCWTe5OaU2oQLlyOeguYnSOcixdzg=="
    },
    "nv-array-combo": {
      "version": "1.0.0",
      "resolved": "https://registry.npmjs.org/nv-array-combo/-/nv-array-combo-1.0.0.tgz",
      "integrity": "sha512-/QYz/ssYpO4cFTrhTBBu8V3a4OLdLLHPPxlE7iIJoUUsoLQV/InsQ/7+XWyIxAYf4ZsNSl8vv2zd0Gz+q4QytA==",
      "requires": {
        "nv-array-basic": "^1.0.8"
      }
    },
    "nv-facutil-basic": {
      "version": "1.0.7",
      "resolved": "https://registry.npmjs.org/nv-facutil-basic/-/nv-facutil-basic-1.0.7.tgz",
      "integrity": "sha512-BoVyjL9hXjt7RX4f93k2mw41COcn1GO+dFNva5g8oFGlQbqgbZOIrnv2JcgzwfVa24v41li2gWWjN6BM9ilMZg=="
    },
    "nv-facutil-defp": {
      "version": "1.0.0",
      "resolved": "https://registry.npmjs.org/nv-facutil-defp/-/nv-facutil-defp-1.0.0.tgz",
      "integrity": "sha512-RB4nSnsFhR9kZmpUkPdliJP+2YiwwYhXEcBgnEHjcA4qbuPVCkgfFXjOukwyrri0nufV8l7BbdfDC/jBchx2lQ==",
      "requires": {
        "nv-array-combo": "^1.0.0"
      }
    },
    "nv-facutil-name": {
      "version": "1.0.3",
      "resolved": "https://registry.npmjs.org/nv-facutil-name/-/nv-facutil-name-1.0.3.tgz",
      "integrity": "sha512-AP9evbzS5bQK+O/thK2+u0gtHImK/jK2fwcJ2aBAoAadfOBfJO0j1j8RljQFllBL6xrSHMoK8JKk+jqz9j7lmg=="
    },
    "uuid": {
      "version": "8.3.2",
      "resolved": "https://registry.npmjs.org/uuid/-/uuid-8.3.2.tgz",
      "integrity": "sha512-+NYs2QeMWy+GWFOEm9xnn6HCDp0l7QBD7ml8zLUmJ+93Q5NF0NocErnwkTkXVFNiX3/fpC6afS8Dhb/gz7R7eg=="
    }
  }
}
